
Microsoft Visual Studio Solution File, Format Version 12.00
# Visual Studio Version 16
VisualStudioVersion = 16.0.29709.97
MinimumVisualStudioVersion = 10.0.40219.1
Project("{9A19103F-16F7-4668-BE54-9A1E7A4F7556}") = "WhyEnumToStringIsBad", "WhyEnumToStringIsBad\WhyEnumToStringIsBad.csproj", "{46B869B0-7AE8-433D-BF31-105D9C4F0531}"
EndProject
Global
	GlobalSection(SolutionConfigurationPlatforms) = preSolution
		Debug|Any CPU = Debug|Any CPU
		Release|Any CPU = Release|Any CPU
	EndGlobalSection
	GlobalSection(ProjectConfigurationPlatforms) = postSolution
		{46B869B0-7AE8-433D-BF31-105D9C4F0531}.Debug|Any CPU.ActiveCfg = Debug|Any CPU
		{46B869B0-7AE8-433D-BF31-105D9C4F0531}.Debug|Any CPU.Build.0 = Debug|Any CPU
		{46B869B0-7AE8-433D-BF31-105D9C4F0531}.Release|Any CPU.ActiveCfg = Release|Any CPU
		{46B869B0-7AE8-433D-BF31-105D9C4F0531}.Release|Any CPU.Build.0 = Release|Any CPU
	EndGlobalSection
	GlobalSection(SolutionProperties) = preSolution
		HideSolutionNode = FALSE
	EndGlobalSection
	GlobalSection(ExtensibilityGlobals) = postSolution
		SolutionGuid = {F1E42598-6D41-49CD-8A14-E7DF987FEC48}
	EndGlobalSection
EndGlobal
